Microsoft Visual Studio Solution File, Format Version 11.00
# Visual Studio 2008

Project("{93916ADF-26B6-36BC-5695-7A6F5E70C581}") = "Gradius", "Assembly-CSharp-vs.csproj", "{DA23CCE4-4E56-D856-EDC4-11CBE195F17E}"
EndProject
Global
	GlobalSection(SolutionConfigurationPlatforms) = preSolution
		Debug|Any CPU = Debug|Any CPU
		Release|Any CPU = Release|Any CPU
	EndGlobalSection
	GlobalSection(ProjectConfigurationPlatforms) = postSolution
		{DA23CCE4-4E56-D856-EDC4-11CBE195F17E}.Debug|Any CPU.ActiveCfg = Debug|Any CPU
		{DA23CCE4-4E56-D856-EDC4-11CBE195F17E}.Debug|Any CPU.Build.0 = Debug|Any CPU
		{DA23CCE4-4E56-D856-EDC4-11CBE195F17E}.Release|Any CPU.ActiveCfg = Release|Any CPU
		{DA23CCE4-4E56-D856-EDC4-11CBE195F17E}.Release|Any CPU.Build.0 = Release|Any CPU
	EndGlobalSection
	GlobalSection(SolutionProperties) = preSolution
		HideSolutionNode = FALSE
	EndGlobalSection
																																																																																	GlobalSection(MonoDevelopProperties) = preSolution
=======
<<<<<<< HEAD
<<<<<<< HEAD
																																																																																																	GlobalSection(MonoDevelopProperties) = preSolution
=======
=======
																																																																																			GlobalSection(MonoDevelopProperties) = preSolution
=======
																																																																																				GlobalSection(MonoDevelopProperties) = preSolution
>>>>>>> 820fb787274e8cce2a8f67b5aa1b2957a9500c09
=======
																																																																																																				GlobalSection(MonoDevelopProperties) = preSolution
=======
>>>>>>> bd59aab94a264260632a0274692efdfda085f4a4
																																																																																																					GlobalSection(MonoDevelopProperties) = preSolution
>>>>>>> 655d0d39f397f9361f03749953e9ebfb80b43c75
=======
																																																																											GlobalSection(MonoDevelopProperties) = preSolution
<<<<<<< HEAD
>>>>>>> 2a30beb3806ab8716baecc5fcd40656032e7de5a
=======
>>>>>>> 2fbfb4ec2e0c305238377460d38f7cf46298c907
>>>>>>> bd59aab94a264260632a0274692efdfda085f4a4
=======
																																																																																												GlobalSection(MonoDevelopProperties) = preSolution
>>>>>>> f6cb46dc15006a8f4f4e48ece2f14dac779c2c7f
=======
<<<<<<< HEAD
																																																																									GlobalSection(MonoDevelopProperties) = preSolution
=======
<<<<<<< HEAD
																																																																				GlobalSection(MonoDevelopProperties) = preSolution
=======
<<<<<<< HEAD
																																																																								GlobalSection(MonoDevelopProperties) = preSolution
>>>>>>> 407ce7f2e56c5d545db04f8d409b2b38ef985d74
=======
																																																																				GlobalSection(MonoDevelopProperties) = preSolution
>>>>>>> e02682a2534dce4d71724adbaa92d7957ae473b9
>>>>>>> d1ebb38174dc4f5e4baeac74a2110d2f69c0df6a
=======
																																																																						GlobalSection(MonoDevelopProperties) = preSolution
>>>>>>> 61acf63c1992feff335aef6b3e36655ab290e8b3
>>>>>>> 050e6e93e2d1e6e1b308a09ce135dd0a4e7920e9
=======
																																																																				GlobalSection(MonoDevelopProperties) = preSolution
>>>>>>> 52b33c8dd3d6cf8236aaac8e153695a391f16082
>>>>>>> 19f4febd913e359d333582a1daa8ea3517d29575
=======
																																				GlobalSection(MonoDevelopProperties) = preSolution
>>>>>>> 51b69fd4ee38906f3d1e2d3af2781b5c649ce6ff
=======
					GlobalSection(MonoDevelopProperties) = preSolution
>>>>>>> dfb0b2f8e493d38f6388fb74ed3ba6fd55ee6d8f
=======
	GlobalSection(MonoDevelopProperties) = preSolution
>>>>>>> fe011507daf143ce0fb169cb459d306606158bd8
=======
				GlobalSection(MonoDevelopProperties) = preSolution
>>>>>>> 229c274fc95b82644b86f1cf28b0dc2421e47b4f
=======
						GlobalSection(MonoDevelopProperties) = preSolution
>>>>>>> b430aa59f3fabd0737ecf7b9b92121b84c20ce54
		StartupItem = Assembly-CSharp.csproj
		Policies = $0
		$0.TextStylePolicy = $1
		$1.inheritsSet = VisualStudio
		$1.inheritsScope = text/plain
		$1.scope = text/x-csharp
		$0.CSharpFormattingPolicy = $2
		$2.IndentSwitchBody = True
		$2.AnonymousMethodBraceStyle = NextLine
		$2.PropertyBraceStyle = NextLine
		$2.PropertyGetBraceStyle = NextLine
		$2.PropertySetBraceStyle = NextLine
		$2.EventBraceStyle = NextLine
		$2.EventAddBraceStyle = NextLine
		$2.EventRemoveBraceStyle = NextLine
		$2.StatementBraceStyle = NextLine
		$2.ArrayInitializerBraceStyle = NextLine
		$2.BeforeMethodDeclarationParentheses = False
		$2.BeforeMethodCallParentheses = False
		$2.BeforeConstructorDeclarationParentheses = False
		$2.BeforeDelegateDeclarationParentheses = False
		$2.NewParentheses = False
		$2.inheritsSet = Mono
		$2.inheritsScope = text/x-csharp
		$2.scope = text/x-csharp
		$0.TextStylePolicy = $3
		$3.inheritsSet = VisualStudio
		$3.inheritsScope = text/plain
		$3.scope = text/plain
		$0.DotNetNamingPolicy = $4
		$4.DirectoryNamespaceAssociation = None
		$4.ResourceNamePolicy = FileFormatDefault
		GlobalSection(MonoDevelopProperties) = preSolution
		GlobalSection(MonoDevelopProperties) = preSolution
		GlobalSection(MonoDevelopProperties) = preSolution
	EndGlobalSection

EndGlobal
